{
  "nodes": {
    "catppuccin": {
      "inputs": {
        "nixpkgs": [
          "nixpkgs"
        ]
      },
      "locked": {
        "lastModified": 1783674541,
        "narHash": "sha256-vmUhEF/jBCZJeK0dInOls+HOAR0yiiQusN1+FZKaJss=",
        "owner": "catppuccin",
        "repo": "nix",
        "rev": "96799f24cf1366fe88e1293c3d27521a8f2129cf",
        "type": "github"
      },
      "original": {
        "owner": "catppuccin",
        "repo": "nix",
        "type": "github"
      }
    },
    "claude-code": {
      "inputs": {
        "nixpkgs": [
          "nixpkgs"
        ],
        "systems": [
          "systems"
        ]
      },
      "locked": {
        "lastModified": 1791313301,
        "narHash": "sha256-6wQM1lQAb3q0hVIZ48KsrFlLGwu6W2HCmLDqnoyqvvU=",
        "owner": "sadjow",
        "repo": "claude-code-nix",
        "rev": "13f3032e7a46582bbd3ed749e25817c7ac584b77",
        "type": "github"
      },
      "original": {
        "owner": "sadjow",
        "repo": "claude-code-nix",
        "type": "github"
      }
    },
    "flake-utils": {
      "inputs": {
        "systems": [
          "systems"
        ]
      },
      "locked": {
        "lastModified": 1731533236,
        "narHash": "sha256-l0KFg5HjrsfsO/JpG+r7fRrqm12kzFHyUHqHCVpMMbI=",
        "owner": "numtide",
        "repo": "flake-utils",
        "rev": "11707dc2f618dd54ca8739b309ec4fc024de578b",
        "type": "github"
      },
      "original": {
        "owner": "numtide",
        "repo": "flake-utils",
        "type": "github"
      }
    },
    "grove": {
      "inputs": {
        "flake-utils": [
          "flake-utils"
        ],
        "nixpkgs": [
          "nixpkgs"
        ]
      },
      "locked": {
        "lastModified": 1790024393,
        "narHash": "sha256-vxWVCjIT7BFspIPo2e/1CCCMfx5j6Bv8bOg82aAVfcs=",
        "owner": "zachthieme",
        "repo": "grove",
        "rev": "b20dd957bd9d36aa42c6ed54d06be3cdd6218db7",
        "type": "github"
      },
      "original": {
        "owner": "zachthieme",
        "repo": "grove",
        "type": "github"
      }
    },
    "hey-cli": {
      "inputs": {
        "nixpkgs": "nixpkgs"
      },
      "locked": {
        "lastModified": 1791282884,
        "narHash": "sha256-albhAi7fBssYEJ9Xnxx/A1bDTNEhnj1yq1CUbgV3xmQ=",
        "owner": "basecamp",
        "repo": "hey-cli",
        "rev": "9dfe00fb6594a4da5272b8ed0692f494229f14d2",
        "type": "github"
      },
      "original": {
        "owner": "basecamp",
        "repo": "hey-cli",
        "type": "github"
      }
    },
    "home-manager": {
      "inputs": {
        "nixpkgs": [
          "nixpkgs"
        ]
      },
      "locked": {
        "lastModified": 1783823409,
        "narHash": "sha256-OI4IkRjRXa1e7hYmCGJDPDq5H/kPwhsyoS80cNUF9fI=",
        "owner": "nix-community",
        "repo": "home-manager",
        "rev": "7566825d4652a1b885bd4ce65bd9e8def432fec9",
        "type": "github"
      },
      "original": {
        "owner": "nix-community",
        "repo": "home-manager",
        "type": "github"
      }
    },
    "nix-darwin": {
      "inputs": {
        "nixpkgs": [
          "nixpkgs"
        ]
      },
      "locked": {
        "lastModified": 1783395956,
        "narHash": "sha256-AAbexQvDoK+6GFJdhY6kqjA+6ECKRkidgWxkn4gMwAA=",
        "owner": "nix-darwin",
        "repo": "nix-darwin",
        "rev": "d5bd9cd77aea4c0a8f49e7fd85545671a208ed15",
        "type": "github"
      },
      "original": {
        "owner": "nix-darwin",
        "repo": "nix-darwin",
        "type": "github"
      }
    },
    "nixpkgs": {
      "locked": {
        "lastModified": 1787394516,
        "narHash": "sha256-pRGOQSClnXNI2iLUG6DYpsGvYcuw0drOutVZFTJNw90=",
        "owner": "NixOS",
        "repo": "nixpkgs",
        "rev": "c8f90650c15282fa8656a041bfbbd2403997a9a7",
        "type": "github"
      },
      "original": {
        "owner": "NixOS",
        "ref": "nixpkgs-unstable",
        "repo": "nixpkgs",
        "type": "github"
      }
    },
    "nixpkgs_2": {
      "locked": {
        "lastModified": 1785975029,
        "narHash": "sha256-X44cn5rzytELc3NNoQsh0aLkjWA/QzPfc6HPQmsG3sU=",
        "owner": "NixOS",
        "repo": "nixpkgs",
        "rev": "70ce234312134a463ba7728e94da2486a1d237ac",
        "type": "github"
      },
      "original": {
        "owner": "NixOS",
        "ref": "nixpkgs-unstable",
        "repo": "nixpkgs",
        "type": "github"
      }
    },
    "pike": {
      "inputs": {
        "flake-utils": [
          "flake-utils"
        ],
        "nixpkgs": [
          "nixpkgs"
        ]
      },
      "locked": {
        "lastModified": 1791149281,
        "narHash": "sha256-qjpuoVrv0si+NdTqhtdyrNVcn3KmnLKM7N5lZ1mK3sc=",
        "owner": "zachthieme",
        "repo": "pike",
        "rev": "0c2b98e7adb9a53eea128020b562e46e4e8d9101",
        "type": "github"
      },
      "original": {
        "owner": "zachthieme",
        "repo": "pike",
        "type": "github"
      }
    },
    "root": {
      "inputs": {
        "catppuccin": "catppuccin",
        "claude-code": "claude-code",
        "flake-utils": "flake-utils",
        "grove": "grove",
        "hey-cli": "hey-cli",
        "home-manager": "home-manager",
        "nix-darwin": "nix-darwin",
        "nixpkgs": "nixpkgs_2",
        "pike": "pike",
        "systems": "systems",
        "tick": "tick",
        "wen": "wen"
      }
    },
    "systems": {
      "locked": {
        "lastModified": 1791244623,
        "narHash": "sha256-uuanbkFk8a313Zfrxdcz8Us/yQtaxNnKJtX8v0ZPpd8=",
        "owner": "nix-systems",
        "repo": "default",
        "rev": "d36eeed142f88b5a636f2e3856a53c61654cf29b",
        "type": "github"
      },
      "original": {
        "owner": "nix-systems",
        "repo": "default",
        "type": "github"
      }
    },
    "tick": {
      "inputs": {
        "flake-utils": [
          "flake-utils"
        ],
        "nixpkgs": [
          "nixpkgs"
        ]
      },
      "locked": {
        "lastModified": 1783987424,
        "narHash": "sha256-PWyNINPOywX0kkv1Hq0S1T/vOz+myriAzCEC6dp6cwU=",
        "owner": "zachthieme",
        "repo": "tick",
        "rev": "0f2f817de2e55aa65ace18cb2f82f7f37a106464",
        "type": "github"
      },
      "original": {
        "owner": "zachthieme",
        "repo": "tick",
        "type": "github"
      }
    },
    "wen": {
      "inputs": {
        "flake-utils": [
          "flake-utils"
        ],
        "nixpkgs": [
          "nixpkgs"
        ]
      },
      "locked": {
        "lastModified": 1784239197,
        "narHash": "sha256-uhoINwICVQO8tUW8zbp/RlkTKvLvTy3V519in1iXqcA=",
        "owner": "zachthieme",
        "repo": "wen",
        "rev": "60d636a92eb4e2997de9881342d046aee5dd4271",
        "type": "github"
      },
      "original": {
        "owner": "zachthieme",
        "repo": "wen",
        "type": "github"
      }
    }
  },
  "root": "root",
  "version": 7
}
